{
  "version": 4,
  "terraform_version": "1.13.3",
  "serial": 4,
  "lineage": "3977f269-9785-0d8e-bc31-961a1cc13a03",
  "outputs": {},
  "resources": [
    {
      "mode": "data",
      "type": "azurerm_resource_group",
      "name": "existing",
      "provider": "provider[\"registry.terraform.io/hashicorp/azurerm\"]",
      "instances": [
        {
          "schema_version": 0,
          "attributes": {
            "id": "/subscriptions/14abf4c6-3fa0-47af-b4a5-a7fbf3d5a47c/resourceGroups/alexandre-rg",
            "location": "westeurope",
            "managed_by": "",
            "name": "alexandre-rg",
            "tags": {},
            "timeouts": null
          },
          "sensitive_attributes": [],
          "identity_schema_version": 0
        }
      ]
    },
    {
      "mode": "managed",
      "type": "azurerm_linux_web_app",
      "name": "main",
      "provider": "provider[\"registry.terraform.io/hashicorp/azurerm\"]",
      "instances": [
        {
          "schema_version": 1,
          "attributes": {
            "app_settings": {
              "NODE_ENV": "production",
              "WEBSITE_NODE_DEFAULT_VERSION": "18-lts"
            },
            "auth_settings": [],
            "auth_settings_v2": [],
            "backup": [],
            "client_affinity_enabled": false,
            "client_certificate_enabled": false,
            "client_certificate_exclusion_paths": "",
            "client_certificate_mode": "Required",
            "connection_string": [],
            "custom_domain_verification_id": "D1C2C84F5A7207A1BF909A692FCBD2BCDE34B715E8ECF9BF6A69F85B901F2340",
            "default_hostname": "app-monapp-dev-91y2fw.azurewebsites.net",
            "enabled": true,
            "ftp_publish_basic_authentication_enabled": true,
            "hosting_environment_id": "",
            "https_only": false,
            "id": "/subscriptions/14abf4c6-3fa0-47af-b4a5-a7fbf3d5a47c/resourceGroups/alexandre-rg/providers/Microsoft.Web/sites/app-monapp-dev-91y2fw",
            "identity": [],
            "key_vault_reference_identity_id": "SystemAssigned",
            "kind": "app,linux",
            "location": "westeurope",
            "logs": [],
            "name": "app-monapp-dev-91y2fw",
            "outbound_ip_address_list": [
              "20.126.186.140",
              "20.126.186.234",
              "20.126.187.62",
              "20.126.189.34",
              "20.126.189.96",
              "20.126.189.106",
              "20.105.224.13"
            ],
            "outbound_ip_addresses": "20.126.186.140,20.126.186.234,20.126.187.62,20.126.189.34,20.126.189.96,20.126.189.106,20.105.224.13",
            "possible_outbound_ip_address_list": [
              "20.126.186.140",
              "20.126.186.234",
              "20.126.187.62",
              "20.126.189.34",
              "20.126.189.96",
              "20.126.189.106",
              "20.93.226.173",
              "20.93.230.228",
              "20.126.190.33",
              "20.126.190.133",
              "20.126.190.152",
              "20.126.190.182",
              "20.126.190.223",
              "20.126.191.15",
              "20.126.191.61",
              "20.126.191.137",
              "20.126.191.196",
              "20.31.104.72",
              "20.31.104.224",
              "20.31.105.33",
              "20.31.105.182",
              "20.31.106.1",
              "20.31.106.121",
              "20.31.106.237",
              "20.105.224.13"
            ],
            "possible_outbound_ip_addresses": "20.126.186.140,20.126.186.234,20.126.187.62,20.126.189.34,20.126.189.96,20.126.189.106,20.93.226.173,20.93.230.228,20.126.190.33,20.126.190.133,20.126.190.152,20.126.190.182,20.126.190.223,20.126.191.15,20.126.191.61,20.126.191.137,20.126.191.196,20.31.104.72,20.31.104.224,20.31.105.33,20.31.105.182,20.31.106.1,20.31.106.121,20.31.106.237,20.105.224.13",
            "public_network_access_enabled": true,
            "resource_group_name": "alexandre-rg",
            "service_plan_id": "/subscriptions/14abf4c6-3fa0-47af-b4a5-a7fbf3d5a47c/resourceGroups/alexandre-rg/providers/Microsoft.Web/serverFarms/asp-monapp-dev",
            "site_config": [
              {
                "always_on": false,
                "api_definition_url": "",
                "api_management_api_id": "",
                "app_command_line": "",
                "application_stack": [
                  {
                    "docker_image": "",
                    "docker_image_name": "",
                    "docker_image_tag": "",
                    "docker_registry_password": "",
                    "docker_registry_url": "",
                    "docker_registry_username": "",
                    "dotnet_version": "",
                    "go_version": "",
                    "java_server": "",
                    "java_server_version": "",
                    "java_version": "",
                    "node_version": "18-lts",
                    "php_version": "",
                    "python_version": "",
                    "ruby_version": ""
                  }
                ],
                "auto_heal_enabled": false,
                "auto_heal_setting": [],
                "container_registry_managed_identity_client_id": "",
                "container_registry_use_managed_identity": false,
                "cors": [],
                "default_documents": [
                  "Default.htm",
                  "Default.html",
                  "Default.asp",
                  "index.htm",
                  "index.html",
                  "iisstart.htm",
                  "default.aspx",
                  "index.php",
                  "hostingstart.html"
                ],
                "detailed_error_logging_enabled": false,
                "ftps_state": "Disabled",
                "health_check_eviction_time_in_min": 0,
                "health_check_path": "",
                "http2_enabled": false,
                "ip_restriction": [],
                "ip_restriction_default_action": "Allow",
                "linux_fx_version": "NODE|18-lts",
                "load_balancing_mode": "LeastRequests",
                "local_mysql_enabled": false,
                "managed_pipeline_mode": "Integrated",
                "minimum_tls_version": "1.2",
                "remote_debugging_enabled": false,
                "remote_debugging_version": "VS2022",
                "scm_ip_restriction": [],
                "scm_ip_restriction_default_action": "Allow",
                "scm_minimum_tls_version": "1.2",
                "scm_type": "None",
                "scm_use_main_ip_restriction": false,
                "use_32_bit_worker": true,
                "vnet_route_all_enabled": false,
                "websockets_enabled": false,
                "worker_count": 1
              }
            ],
            "site_credential": [
              {
                "name": "$app-monapp-dev-91y2fw",
                "password": "3qpuwCRXDH8d1SL3JDMicW3wPsCXuxTdKdxsokEhdZpPvvyntMC3XdS4Xaza"
              }
            ],
            "sticky_settings": [],
            "storage_account": [],
            "tags": {
              "environment": "dev",
              "project": "monapp"
            },
            "timeouts": null,
            "virtual_network_subnet_id": "",
            "webdeploy_publish_basic_authentication_enabled": true,
            "zip_deploy_file": ""
          },
          "sensitive_attributes": [
            [
              {
                "type": "get_attr",
                "value": "custom_domain_verification_id"
              }
            ],
            [
              {
                "type": "get_attr",
                "value": "site_config"
              },
              {
                "type": "index",
                "value": {
                  "value": 0,
                  "type": "number"
                }
              },
              {
                "type": "get_attr",
                "value": "application_stack"
              },
              {
                "type": "index",
                "value": {
                  "value": 0,
                  "type": "number"
                }
              },
              {
                "type": "get_attr",
                "value": "docker_registry_password"
              }
            ],
            [
              {
                "type": "get_attr",
                "value": "site_credential"
              }
            ]
          ],
          "identity_schema_version": 0,
          "private": "eyJlMmJmYjczMC1lY2FhLTExZTYtOGY4OC0zNDM2M2JjN2M0YzAiOnsiY3JlYXRlIjoxODAwMDAwMDAwMDAwLCJkZWxldGUiOjE4MDAwMDAwMDAwMDAsInJlYWQiOjMwMDAwMDAwMDAwMCwidXBkYXRlIjoxODAwMDAwMDAwMDAwfSwic2NoZW1hX3ZlcnNpb24iOiIxIn0=",
          "dependencies": [
            "azurerm_service_plan.main",
            "data.azurerm_resource_group.existing",
            "random_string.suffix"
          ]
        }
      ]
    },
    {
      "mode": "managed",
      "type": "azurerm_service_plan",
      "name": "main",
      "provider": "provider[\"registry.terraform.io/hashicorp/azurerm\"]",
      "instances": [
        {
          "schema_version": 1,
          "attributes": {
            "app_service_environment_id": "",
            "id": "/subscriptions/14abf4c6-3fa0-47af-b4a5-a7fbf3d5a47c/resourceGroups/alexandre-rg/providers/Microsoft.Web/serverFarms/asp-monapp-dev",
            "kind": "linux",
            "location": "westeurope",
            "maximum_elastic_worker_count": 1,
            "name": "asp-monapp-dev",
            "os_type": "Linux",
            "per_site_scaling_enabled": false,
            "reserved": true,
            "resource_group_name": "alexandre-rg",
            "sku_name": "F1",
            "tags": {
              "deployedby": "terraform",
              "environment": "dev",
              "project": "monapp"
            },
            "timeouts": null,
            "worker_count": 1,
            "zone_balancing_enabled": false
          },
          "sensitive_attributes": [],
          "identity_schema_version": 0,
          "private": "eyJlMmJmYjczMC1lY2FhLTExZTYtOGY4OC0zNDM2M2JjN2M0YzAiOnsiY3JlYXRlIjozNjAwMDAwMDAwMDAwLCJkZWxldGUiOjM2MDAwMDAwMDAwMDAsInJlYWQiOjMwMDAwMDAwMDAwMCwidXBkYXRlIjozNjAwMDAwMDAwMDAwfSwic2NoZW1hX3ZlcnNpb24iOiIxIn0=",
          "dependencies": [
            "data.azurerm_resource_group.existing"
          ]
        }
      ]
    },
    {
      "mode": "managed",
      "type": "random_string",
      "name": "suffix",
      "provider": "provider[\"registry.terraform.io/hashicorp/random\"]",
      "instances": [
        {
          "schema_version": 2,
          "attributes": {
            "id": "91y2fw",
            "keepers": null,
            "length": 6,
            "lower": true,
            "min_lower": 0,
            "min_numeric": 0,
            "min_special": 0,
            "min_upper": 0,
            "number": true,
            "numeric": true,
            "override_special": null,
            "result": "91y2fw",
            "special": false,
            "upper": false
          },
          "sensitive_attributes": [],
          "identity_schema_version": 0
        }
      ]
    }
  ],
  "check_results": null
}
